
Microsoft Visual Studio Solution File, Format Version 12.00
# Visual Studio 14
VisualStudioVersion = 14.0.25420.1
MinimumVisualStudioVersion = 10.0.40219.1
Project("{FAE04EC0-301F-11D3-BF4B-00C04F79EFBC}") = "Drink Menu", "Drink Menu\Drink Menu.csproj", "{7CA33F15-6771-4E90-AC3F-50080C532DFC}"
EndProject
Global
	GlobalSection(SolutionConfigurationPlatforms) = preSolution
		Debug|Any CPU = Debug|Any CPU
		Release|Any CPU = Release|Any CPU
	EndGlobalSection
	GlobalSection(ProjectConfigurationPlatforms) = postSolution
		{7CA33F15-6771-4E90-AC3F-50080C532DFC}.Debug|Any CPU.ActiveCfg = Debug|Any CPU
		{7CA33F15-6771-4E90-AC3F-50080C532DFC}.Debug|Any CPU.Build.0 = Debug|Any CPU
		{7CA33F15-6771-4E90-AC3F-50080C532DFC}.Release|Any CPU.ActiveCfg = Release|Any CPU
		{7CA33F15-6771-4E90-AC3F-50080C532DFC}.Release|Any CPU.Build.0 = Release|Any CPU
	EndGlobalSection
	GlobalSection(SolutionProperties) = preSolution
		HideSolutionNode = FALSE
	EndGlobalSection
EndGlobal
